
Microsoft Visual Studio Solution File, Format Version 12.00
# Visual Studio Version 16
VisualStudioVersion = 16.0.31402.337
MinimumVisualStudioVersion = 10.0.40219.1
Project("{FAE04EC0-301F-11D3-BF4B-00C04F79EFBC}") = "02 - MANUAL - For", "02 - MANUAL - For\02 - MANUAL - For.csproj", "{EEA20482-7680-4491-817D-D9DE28C2B079}"
EndProject
Global
	GlobalSection(SolutionConfigurationPlatforms) = preSolution
		Debug|Any CPU = Debug|Any CPU
		Release|Any CPU = Release|Any CPU
	EndGlobalSection
	GlobalSection(ProjectConfigurationPlatforms) = postSolution
		{EEA20482-7680-4491-817D-D9DE28C2B079}.Debug|Any CPU.ActiveCfg = Debug|Any CPU
		{EEA20482-7680-4491-817D-D9DE28C2B079}.Debug|Any CPU.Build.0 = Debug|Any CPU
		{EEA20482-7680-4491-817D-D9DE28C2B079}.Release|Any CPU.ActiveCfg = Release|Any CPU
		{EEA20482-7680-4491-817D-D9DE28C2B079}.Release|Any CPU.Build.0 = Release|Any CPU
	EndGlobalSection
	GlobalSection(SolutionProperties) = preSolution
		HideSolutionNode = FALSE
	EndGlobalSection
	GlobalSection(ExtensibilityGlobals) = postSolution
		SolutionGuid = {3536D2C0-279E-413E-BA78-7DB86F17C5B1}
	EndGlobalSection
EndGlobal
